
Microsoft Visual Studio Solution File, Format Version 12.00
# Visual Studio 14
VisualStudioVersion = 14.0.24720.0
MinimumVisualStudioVersion = 10.0.40219.1
Project("{FAE04EC0-301F-11D3-BF4B-00C04F79EFBC}") = "ExampleWPFApp", "ExampleWPFApp\ExampleWPFApp.csproj", "{9694990C-DB8E-47D3-95EE-8AA4D55BE957}"
EndProject
Project("{FAE04EC0-301F-11D3-BF4B-00C04F79EFBC}") = "PrettyNSharp", "..\..\PrettyNSharp.csproj", "{4737A681-D0CB-4871-8D6F-CFFAFAD9B073}"
EndProject
Global
	GlobalSection(SolutionConfigurationPlatforms) = preSolution
		Debug|Any CPU = Debug|Any CPU
		Release|Any CPU = Release|Any CPU
	EndGlobalSection
	GlobalSection(ProjectConfigurationPlatforms) = postSolution
		{9694990C-DB8E-47D3-95EE-8AA4D55BE957}.Debug|Any CPU.ActiveCfg = Debug|Any CPU
		{9694990C-DB8E-47D3-95EE-8AA4D55BE957}.Debug|Any CPU.Build.0 = Debug|Any CPU
		{9694990C-DB8E-47D3-95EE-8AA4D55BE957}.Release|Any CPU.ActiveCfg = Release|Any CPU
		{9694990C-DB8E-47D3-95EE-8AA4D55BE957}.Release|Any CPU.Build.0 = Release|Any CPU
		{4737A681-D0CB-4871-8D6F-CFFAFAD9B073}.Debug|Any CPU.ActiveCfg = Debug|Any CPU
		{4737A681-D0CB-4871-8D6F-CFFAFAD9B073}.Debug|Any CPU.Build.0 = Debug|Any CPU
		{4737A681-D0CB-4871-8D6F-CFFAFAD9B073}.Release|Any CPU.ActiveCfg = Release|Any CPU
		{4737A681-D0CB-4871-8D6F-CFFAFAD9B073}.Release|Any CPU.Build.0 = Release|Any CPU
	EndGlobalSection
	GlobalSection(SolutionProperties) = preSolution
		HideSolutionNode = FALSE
	EndGlobalSection
EndGlobal
